
Microsoft Visual Studio Solution File, Format Version 12.00
# Visual Studio Version 17
VisualStudioVersion = 17.9.34902.65
MinimumVisualStudioVersion = 10.0.40219.1
Project("{FAE04EC0-301F-11D3-BF4B-00C04F79EFBC}") = "TestWinforms", "TestWinforms\TestWinforms.csproj", "{3BD46ACD-E5ED-40C0-BB79-22985BC5C41C}"
EndProject
Global
	GlobalSection(SolutionConfigurationPlatforms) = preSolution
		Debug|Any CPU = Debug|Any CPU
		Release|Any CPU = Release|Any CPU
	EndGlobalSection
	GlobalSection(ProjectConfigurationPlatforms) = postSolution
		{3BD46ACD-E5ED-40C0-BB79-22985BC5C41C}.Debug|Any CPU.ActiveCfg = Debug|Any CPU
		{3BD46ACD-E5ED-40C0-BB79-22985BC5C41C}.Debug|Any CPU.Build.0 = Debug|Any CPU
		{3BD46ACD-E5ED-40C0-BB79-22985BC5C41C}.Release|Any CPU.ActiveCfg = Release|Any CPU
		{3BD46ACD-E5ED-40C0-BB79-22985BC5C41C}.Release|Any CPU.Build.0 = Release|Any CPU
	EndGlobalSection
	GlobalSection(SolutionProperties) = preSolution
		HideSolutionNode = FALSE
	EndGlobalSection
	GlobalSection(ExtensibilityGlobals) = postSolution
		SolutionGuid = {69CF516B-3E6A-42DA-9F82-D8F0DA0CF4DC}
	EndGlobalSection
EndGlobal
